schema-version: practice-ai-version-lock-schema-v1
resources:
- version: custom-scene-evidence-v1
  resource-path: config/practice-ai/policies/custom-scene-evidence-v1.yml
  content-hash: 138744b2fe31dcdec63c9f26c962a25a87d0c3a3e0c1a176d027642699b9c075
- version: custom-scene-generation-v2
  resource-path: config/practice-ai/profiles/custom-scene-generation-v2.yml
  content-hash: 21691398948fe5dc41a20282f4f26d446bc6e6e2e4fd5105be2942e1cf51ca07
- version: custom-scene-generator-v2
  resource-path: config/practice-ai/prompts/custom-scene-generator-v2.txt
  content-hash: 69c747fcef2ac0b5f1a7e6ec457c13da2df78d39aac4331c1e295da73e686297
- version: custom-scene-quality-judge-v1
  resource-path: config/practice-ai/prompts/custom-scene-quality-judge-v1.txt
  content-hash: 6f420cf7dab26531b65b78bea785dcad0aa1aef9d61f3e913b11c5e960802b84
- version: custom-scene-quality-v1
  resource-path: config/practice-ai/rubrics/custom-scene-quality-v1.yml
  content-hash: 7faa028bba2ce95bcd0c96b1768cf8f564d99746f51b6e0f35a35164aa534410
- version: custom-scene-repair-v2
  resource-path: config/practice-ai/prompts/custom-scene-repair-v2.txt
  content-hash: 341189f95500bab2dc8e40030ecd316c8a55375ce02598c2912785e561362b91
- version: family-english-baseline-v1
  resource-path: config/practice-ai/evidence/family-english-baseline-v1.yml
  content-hash: 6e49982f2461ce9233651c5fd9cb23e27f8ecc09943f4426374d4222ec92fa25
