dependencies:
- name: redis
  repository: https://charts.bitnami.com/bitnami
  version: 25.4.1
- name: minio
  repository: https://charts.bitnami.com/bitnami
  version: 17.0.21
digest: sha256:29e2f24483d50d3cad986035c649777f2750f7ce75001fc42ad459388d0790a9
generated: "2026-04-26T16:52:47.4830984+08:00"
